
Microsoft Visual Studio Solution File, Format Version 12.00
# Visual Studio 15
VisualStudioVersion = 15.0.28307.1062
MinimumVisualStudioVersion = 10.0.40219.1
Project("{9A19103F-16F7-4668-BE54-9A1E7A4F7556}") = "CatBoostNet", "CatBoostNet\CatBoostNet.csproj", "{50D772D4-8573-4DAA-AB47-0DDAA5C271F3}"
	ProjectSection(ProjectDependencies) = postProject
		{9B7B9F03-8C4E-48B6-86D7-1857EE2A4C06} = {9B7B9F03-8C4E-48B6-86D7-1857EE2A4C06}
	EndProjectSection
EndProject
Project("{9A19103F-16F7-4668-BE54-9A1E7A4F7556}") = "CatBoostNetTests", "CatBoostNetTests\CatBoostNetTests.csproj", "{04D6755C-1E6D-46A4-B188-3646CD88BB72}"
EndProject
Project("{8BC9CEB8-8B4A-11D0-8D11-00A0C91BC942}") = "LibraryBuilder", "LibraryBuilder\LibraryBuilder.vcxproj", "{9B7B9F03-8C4E-48B6-86D7-1857EE2A4C06}"
EndProject
Project("{2150E333-8FDC-42A3-9474-1A3956D46DE8}") = "demo", "demo", "{86257827-73CA-4EEB-A695-0F7FF044C0D3}"
EndProject
Project("{9A19103F-16F7-4668-BE54-9A1E7A4F7556}") = "HeartDiseaseDemo", "HeartDiseaseDemo\HeartDiseaseDemo.csproj", "{F9F67283-2892-410D-AC2D-AFC196E16B01}"
	ProjectSection(ProjectDependencies) = postProject
		{50D772D4-8573-4DAA-AB47-0DDAA5C271F3} = {50D772D4-8573-4DAA-AB47-0DDAA5C271F3}
	EndProjectSection
EndProject
Project("{8BC9CEB8-8B4A-11D0-8D11-00A0C91BC942}") = "LibraryImportAndUseTest", "LibraryImportAndUseTest\LibraryImportAndUseTest.vcxproj", "{D07759B2-0116-4534-9FD8-A37CBB4D2447}"
EndProject
Project("{2150E333-8FDC-42A3-9474-1A3956D46DE8}") = "Solution Items", "Solution Items", "{C40ADA93-D836-4DB8-8444-91CA4AC47368}"
	ProjectSection(SolutionItems) = preProject
		.editorconfig = .editorconfig
	EndProjectSection
EndProject
Project("{FAE04EC0-301F-11D3-BF4B-00C04F79EFBC}") = "CatBoostMlNet", "CatBoostMlNet\CatBoostMlNet.csproj", "{03289961-03E9-416A-A8CD-4EBA5AB6E058}"
EndProject
Global
	GlobalSection(SolutionConfigurationPlatforms) = preSolution
		Debug|Any CPU = Debug|Any CPU
		Debug|x64 = Debug|x64
		Release|Any CPU = Release|Any CPU
		Release|x64 = Release|x64
	EndGlobalSection
	GlobalSection(ProjectConfigurationPlatforms) = postSolution
		{50D772D4-8573-4DAA-AB47-0DDAA5C271F3}.Debug|Any CPU.ActiveCfg = Debug|Any CPU
		{50D772D4-8573-4DAA-AB47-0DDAA5C271F3}.Debug|Any CPU.Build.0 = Debug|Any CPU
		{50D772D4-8573-4DAA-AB47-0DDAA5C271F3}.Debug|x64.ActiveCfg = Debug|Any CPU
		{50D772D4-8573-4DAA-AB47-0DDAA5C271F3}.Debug|x64.Build.0 = Debug|Any CPU
		{50D772D4-8573-4DAA-AB47-0DDAA5C271F3}.Release|Any CPU.ActiveCfg = Release|Any CPU
		{50D772D4-8573-4DAA-AB47-0DDAA5C271F3}.Release|Any CPU.Build.0 = Release|Any CPU
		{50D772D4-8573-4DAA-AB47-0DDAA5C271F3}.Release|x64.ActiveCfg = Release|Any CPU
		{50D772D4-8573-4DAA-AB47-0DDAA5C271F3}.Release|x64.Build.0 = Release|Any CPU
		{04D6755C-1E6D-46A4-B188-3646CD88BB72}.Debug|Any CPU.ActiveCfg = Debug|Any CPU
		{04D6755C-1E6D-46A4-B188-3646CD88BB72}.Debug|Any CPU.Build.0 = Debug|Any CPU
		{04D6755C-1E6D-46A4-B188-3646CD88BB72}.Debug|x64.ActiveCfg = Debug|Any CPU
		{04D6755C-1E6D-46A4-B188-3646CD88BB72}.Debug|x64.Build.0 = Debug|Any CPU
		{04D6755C-1E6D-46A4-B188-3646CD88BB72}.Release|Any CPU.ActiveCfg = Release|Any CPU
		{04D6755C-1E6D-46A4-B188-3646CD88BB72}.Release|Any CPU.Build.0 = Release|Any CPU
		{04D6755C-1E6D-46A4-B188-3646CD88BB72}.Release|x64.ActiveCfg = Release|Any CPU
		{04D6755C-1E6D-46A4-B188-3646CD88BB72}.Release|x64.Build.0 = Release|Any CPU
		{9B7B9F03-8C4E-48B6-86D7-1857EE2A4C06}.Debug|Any CPU.ActiveCfg = Debug|x64
		{9B7B9F03-8C4E-48B6-86D7-1857EE2A4C06}.Debug|x64.ActiveCfg = Debug|x64
		{9B7B9F03-8C4E-48B6-86D7-1857EE2A4C06}.Release|Any CPU.ActiveCfg = Release|x64
		{9B7B9F03-8C4E-48B6-86D7-1857EE2A4C06}.Release|x64.ActiveCfg = Release|x64
		{F9F67283-2892-410D-AC2D-AFC196E16B01}.Debug|Any CPU.ActiveCfg = Debug|Any CPU
		{F9F67283-2892-410D-AC2D-AFC196E16B01}.Debug|Any CPU.Build.0 = Debug|Any CPU
		{F9F67283-2892-410D-AC2D-AFC196E16B01}.Debug|x64.ActiveCfg = Debug|Any CPU
		{F9F67283-2892-410D-AC2D-AFC196E16B01}.Debug|x64.Build.0 = Debug|Any CPU
		{F9F67283-2892-410D-AC2D-AFC196E16B01}.Release|Any CPU.ActiveCfg = Release|Any CPU
		{F9F67283-2892-410D-AC2D-AFC196E16B01}.Release|Any CPU.Build.0 = Release|Any CPU
		{F9F67283-2892-410D-AC2D-AFC196E16B01}.Release|x64.ActiveCfg = Release|Any CPU
		{F9F67283-2892-410D-AC2D-AFC196E16B01}.Release|x64.Build.0 = Release|Any CPU
		{D07759B2-0116-4534-9FD8-A37CBB4D2447}.Debug|Any CPU.ActiveCfg = Debug|Win32
		{D07759B2-0116-4534-9FD8-A37CBB4D2447}.Debug|x64.ActiveCfg = Debug|x64
		{D07759B2-0116-4534-9FD8-A37CBB4D2447}.Debug|x64.Build.0 = Debug|x64
		{D07759B2-0116-4534-9FD8-A37CBB4D2447}.Release|Any CPU.ActiveCfg = Release|Win32
		{D07759B2-0116-4534-9FD8-A37CBB4D2447}.Release|x64.ActiveCfg = Release|x64
		{D07759B2-0116-4534-9FD8-A37CBB4D2447}.Release|x64.Build.0 = Release|x64
		{03289961-03E9-416A-A8CD-4EBA5AB6E058}.Debug|Any CPU.ActiveCfg = Debug|Any CPU
		{03289961-03E9-416A-A8CD-4EBA5AB6E058}.Debug|Any CPU.Build.0 = Debug|Any CPU
		{03289961-03E9-416A-A8CD-4EBA5AB6E058}.Debug|x64.ActiveCfg = Debug|Any CPU
		{03289961-03E9-416A-A8CD-4EBA5AB6E058}.Debug|x64.Build.0 = Debug|Any CPU
		{03289961-03E9-416A-A8CD-4EBA5AB6E058}.Release|Any CPU.ActiveCfg = Release|Any CPU
		{03289961-03E9-416A-A8CD-4EBA5AB6E058}.Release|Any CPU.Build.0 = Release|Any CPU
		{03289961-03E9-416A-A8CD-4EBA5AB6E058}.Release|x64.ActiveCfg = Release|Any CPU
		{03289961-03E9-416A-A8CD-4EBA5AB6E058}.Release|x64.Build.0 = Release|Any CPU
	EndGlobalSection
	GlobalSection(SolutionProperties) = preSolution
		HideSolutionNode = FALSE
	EndGlobalSection
	GlobalSection(NestedProjects) = preSolution
		{F9F67283-2892-410D-AC2D-AFC196E16B01} = {86257827-73CA-4EEB-A695-0F7FF044C0D3}
	EndGlobalSection
	GlobalSection(ExtensibilityGlobals) = postSolution
		SolutionGuid = {561C0E9C-910D-4F9D-8500-5B40899BB6BB}
	EndGlobalSection
EndGlobal
